<?xml version="1.0" encoding="utf-8"?>
<Project ToolsVersion="4.0" xmlns="http://schemas.microsoft.com/developer/msbuild/2003">
  <ItemGroup>
    <ClCompile Include="IcArxUiTesting.cpp">
      <Filter>Source Files</Filter>
    </ClCompile>
    <ClCompile Include="stdafx.cpp">
      <Filter>Source Files</Filter>
    </ClCompile>
    <ClCompile Include="CAcUiMRUComboBoxDialogTest.cpp">
      <Filter>Source Files</Filter>
    </ClCompile>
    <ClCompile Include="IcArxUiTestingMain.cpp">
      <Filter>Source Files</Filter>
    </ClCompile>
    <ClCompile Include="CAdUiImageDialogTest.cpp">
      <Filter>Source Files</Filter>
    </ClCompile>
    <ClCompile Include="MyCAdUiDockControlBarTest.cpp">
      <Filter>Source Files</Filter>
    </ClCompile>
  </ItemGroup>
  <ItemGroup>
    <Filter Include="Header Files">
      <UniqueIdentifier>{9c24dddc-42f8-411d-aec1-d36555757003}</UniqueIdentifier>
    </Filter>
    <Filter Include="Source Files">
      <UniqueIdentifier>{c07cec3d-76ed-4e02-afd4-92033d31b106}</UniqueIdentifier>
    </Filter>
    <Filter Include="Resource Files">
      <UniqueIdentifier>{bc4886db-fec0-467c-b301-0df446c82696}</UniqueIdentifier>
    </Filter>
  </ItemGroup>
  <ItemGroup>
    <ClInclude Include="stdafx.h">
      <Filter>Header Files</Filter>
    </ClInclude>
    <ClInclude Include="resource.h">
      <Filter>Resource Files</Filter>
    </ClInclude>
    <ClInclude Include="CAcUiMRUComboBoxDialogTest.h">
      <Filter>Header Files</Filter>
    </ClInclude>
    <ClInclude Include="CAdUiImageDialogTest.h">
      <Filter>Header Files</Filter>
    </ClInclude>
    <ClInclude Include="MyCAdUiDockControlBarTest.h">
      <Filter>Header Files</Filter>
    </ClInclude>
  </ItemGroup>
  <ItemGroup>
    <ResourceCompile Include="IcArxUiTesting.rc">
      <Filter>Resource Files</Filter>
    </ResourceCompile>
  </ItemGroup>
  <ItemGroup>
    <Image Include="PLOT_TABLES.bmp" />
  </ItemGroup>
</Project>